// !$*UTF8*$!
{
	archiveVersion = 1;
	classes = {
	};
	objectVersion = 56;
	objects = {

/* Begin PBXBuildFile section */
		234DAE1024479E5A1350292B /* Pods_Month5.framework in Frameworks */ = {isa = PBXBuildFile; fileRef = BB364391A66459AC58DA510E /* Pods_Month5.framework */; };
		CE2D8A9529DA87E6007FBACC /* VerificationWorkFlow.storyboard in Resources */ = {isa = PBXBuildFile; fileRef = CE2D8A9429DA87E6007FBACC /* VerificationWorkFlow.storyboard */; };
		CE2D8A9729DA886F007FBACC /* VerificationViewController.swift in Sources */ = {isa = PBXBuildFile; fileRef = CE2D8A9629DA886F007FBACC /* VerificationViewController.swift */; };
		CEB89E7929D42F250097AC10 /* Ingredients.swift in Sources */ = {isa = PBXBuildFile; fileRef = CEB89E7829D42F250097AC10 /* Ingredients.swift */; };
		CEB89E7B29D43D200097AC10 /* Counter.swift in Sources */ = {isa = PBXBuildFile; fileRef = CEB89E7A29D43D200097AC10 /* Counter.swift */; };
		CEB89E7E29D43DB90097AC10 /* StorageManager.swift in Sources */ = {isa = PBXBuildFile; fileRef = CEB89E7D29D43DB90097AC10 /* StorageManager.swift */; };
		CEB89E8429D458670097AC10 /* IngredientCollectionViewCell.swift in Sources */ = {isa = PBXBuildFile; fileRef = CEB89E8229D458670097AC10 /* IngredientCollectionViewCell.swift */; };
		CEB89E8529D458670097AC10 /* IngredientCollectionViewCell.xib in Resources */ = {isa = PBXBuildFile; fileRef = CEB89E8329D458670097AC10 /* IngredientCollectionViewCell.xib */; };
		CEB89E8729D470250097AC10 /* ProductDetailsWorkFlow.storyboard in Resources */ = {isa = PBXBuildFile; fileRef = CEB89E8629D470250097AC10 /* ProductDetailsWorkFlow.storyboard */; };
		CEC545A829C5A85300C32167 /* ProductDetailsViewController.swift in Sources */ = {isa = PBXBuildFile; fileRef = CEC545A729C5A85300C32167 /* ProductDetailsViewController.swift */; };
		CEC545CC29C8333800C32167 /* Constants.swift in Sources */ = {isa = PBXBuildFile; fileRef = CEC545CB29C8333800C32167 /* Constants.swift */; };
		CEC545D129C8413300C32167 /* Extencion+Image.swift in Sources */ = {isa = PBXBuildFile; fileRef = CEC545D029C8413300C32167 /* Extencion+Image.swift */; };
		CEC545DB29C851C900C32167 /* MenuViewModel.swift in Sources */ = {isa = PBXBuildFile; fileRef = CEC545DA29C851C900C32167 /* MenuViewModel.swift */; };
		CEC545E329CB3D0800C32167 /* AuthoriztionManager.swift in Sources */ = {isa = PBXBuildFile; fileRef = CEC545E229CB3D0800C32167 /* AuthoriztionManager.swift */; };
		CEC545E629D2F4F500C32167 /* GoogleService-Info.plist in Resources */ = {isa = PBXBuildFile; fileRef = CEC545E529D2F4F500C32167 /* GoogleService-Info.plist */; };
		CEC5680629C1918F00E01924 /* AppDelegate.swift in Sources */ = {isa = PBXBuildFile; fileRef = CEC5680529C1918F00E01924 /* AppDelegate.swift */; };
		CEC5680829C1918F00E01924 /* SceneDelegate.swift in Sources */ = {isa = PBXBuildFile; fileRef = CEC5680729C1918F00E01924 /* SceneDelegate.swift */; };
		CEC5680F29C1919100E01924 /* Assets.xcassets in Resources */ = {isa = PBXBuildFile; fileRef = CEC5680E29C1919100E01924 /* Assets.xcassets */; };
		CEC5681229C1919100E01924 /* LaunchScreen.storyboard in Resources */ = {isa = PBXBuildFile; fileRef = CEC5681029C1919100E01924 /* LaunchScreen.storyboard */; };
		CEC5682329C1927100E01924 /* MenuWorkFlow.storyboard in Resources */ = {isa = PBXBuildFile; fileRef = CEC5682229C1927100E01924 /* MenuWorkFlow.storyboard */; };
		CEC5682529C1928300E01924 /* MenuViewController.swift in Sources */ = {isa = PBXBuildFile; fileRef = CEC5682429C1928300E01924 /* MenuViewController.swift */; };
		CEC5683429C1B84100E01924 /* MenuCollectionViewCell.swift in Sources */ = {isa = PBXBuildFile; fileRef = CEC5683229C1B84100E01924 /* MenuCollectionViewCell.swift */; };
		CEC5683529C1B84100E01924 /* MenuCollectionViewCell.xib in Resources */ = {isa = PBXBuildFile; fileRef = CEC5683329C1B84100E01924 /* MenuCollectionViewCell.xib */; };
		CEC5683829C1C25500E01924 /* MenuModel.swift in Sources */ = {isa = PBXBuildFile; fileRef = CEC5683729C1C25500E01924 /* MenuModel.swift */; };
		CEC5684229C1C93200E01924 /* NetworkService.swift in Sources */ = {isa = PBXBuildFile; fileRef = CEC5684129C1C93200E01924 /* NetworkService.swift */; };
		CEC5684429C1C94A00E01924 /* NetworkHelpers.swift in Sources */ = {isa = PBXBuildFile; fileRef = CEC5684329C1C94A00E01924 /* NetworkHelpers.swift */; };
		CEF431D029D4782F00E83601 /* DataBase.swift in Sources */ = {isa = PBXBuildFile; fileRef = CEF431CF29D4782F00E83601 /* DataBase.swift */; };
		CEF431D629D47E2900E83601 /* ProfileWorkFlow.storyboard in Resources */ = {isa = PBXBuildFile; fileRef = CEF431D429D47E2900E83601 /* ProfileWorkFlow.storyboard */; };
		CEF431D729D47E2900E83601 /* ProfileViewController.swift in Sources */ = {isa = PBXBuildFile; fileRef = CEF431D529D47E2900E83601 /* ProfileViewController.swift */; };
		CEF431DA29D80DCC00E83601 /* BasketWorkFlow.storyboard in Resources */ = {isa = PBXBuildFile; fileRef = CEF431D929D80DCC00E83601 /* BasketWorkFlow.storyboard */; };
		CEF431DC29D80DF200E83601 /* BasketViewController.swift in Sources */ = {isa = PBXBuildFile; fileRef = CEF431DB29D80DF200E83601 /* BasketViewController.swift */; };
		CEF431E029D80EFD00E83601 /* BasketTableViewCell.swift in Sources */ = {isa = PBXBuildFile; fileRef = CEF431DE29D80EFD00E83601 /* BasketTableViewCell.swift */; };
		CEF431E129D80EFD00E83601 /* BasketTableViewCell.xib in Resources */ = {isa = PBXBuildFile; fileRef = CEF431DF29D80EFD00E83601 /* BasketTableViewCell.xib */; };
		CEF431E429D83D0A00E83601 /* KeychainManager.swift in Sources */ = {isa = PBXBuildFile; fileRef = CEF431E329D83D0A00E83601 /* KeychainManager.swift */; };
		CEF431E629D83D6600E83601 /* SplashViewController.swift in Sources */ = {isa = PBXBuildFile; fileRef = CEF431E529D83D6600E83601 /* SplashViewController.swift */; };
/* End PBXBuildFile section */

/* Begin PBXFileReference section */
		07ADE0D655579759807AC6F3 /* Pods-Month5.debug.xcconfig */ = {isa = PBXFileReference; includeInIndex = 1; lastKnownFileType = text.xcconfig; name = "Pods-Month5.debug.xcconfig"; path = "Target Support Files/Pods-Month5/Pods-Month5.debug.xcconfig"; sourceTree = "<group>"; };
		9DDC9FE1DFB97100CAAF1C30 /* Pods-Month5.release.xcconfig */ = {isa = PBXFileReference; includeInIndex = 1; lastKnownFileType = text.xcconfig; name = "Pods-Month5.release.xcconfig"; path = "Target Support Files/Pods-Month5/Pods-Month5.release.xcconfig"; sourceTree = "<group>"; };
		BB364391A66459AC58DA510E /* Pods_Month5.framework */ = {isa = PBXFileReference; explicitFileType = wrapper.framework; includeInIndex = 0; path = Pods_Month5.framework; sourceTree = BUILT_PRODUCTS_DIR; };
		CE2D8A9429DA87E6007FBACC /* VerificationWorkFlow.storyboard */ = {isa = PBXFileReference; lastKnownFileType = file.storyboard; path = VerificationWorkFlow.storyboard; sourceTree = "<group>"; };
		CE2D8A9629DA886F007FBACC /* VerificationViewController.swift */ = {isa = PBXFileReference; lastKnownFileType = sourcecode.swift; path = VerificationViewController.swift; sourceTree = "<group>"; };
		CEB89E7829D42F250097AC10 /* Ingredients.swift */ = {isa = PBXFileReference; lastKnownFileType = sourcecode.swift; path = Ingredients.swift; sourceTree = "<group>"; };
		CEB89E7A29D43D200097AC10 /* Counter.swift */ = {isa = PBXFileReference; lastKnownFileType = sourcecode.swift; path = Counter.swift; sourceTree = "<group>"; };
		CEB89E7D29D43DB90097AC10 /* StorageManager.swift */ = {isa = PBXFileReference; lastKnownFileType = sourcecode.swift; path = StorageManager.swift; sourceTree = "<group>"; };
		CEB89E8229D458670097AC10 /* IngredientCollectionViewCell.swift */ = {isa = PBXFileReference; lastKnownFileType = sourcecode.swift; path = IngredientCollectionViewCell.swift; sourceTree = "<group>"; };
		CEB89E8329D458670097AC10 /* IngredientCollectionViewCell.xib */ = {isa = PBXFileReference; lastKnownFileType = file.xib; path = IngredientCollectionViewCell.xib; sourceTree = "<group>"; };
		CEB89E8629D470250097AC10 /* ProductDetailsWorkFlow.storyboard */ = {isa = PBXFileReference; fileEncoding = 4; lastKnownFileType = file.storyboard; path = ProductDetailsWorkFlow.storyboard; sourceTree = "<group>"; };
		CEC545A729C5A85300C32167 /* ProductDetailsViewController.swift */ = {isa = PBXFileReference; lastKnownFileType = sourcecode.swift; path = ProductDetailsViewController.swift; sourceTree = "<group>"; };
		CEC545CB29C8333800C32167 /* Constants.swift */ = {isa = PBXFileReference; lastKnownFileType = sourcecode.swift; path = Constants.swift; sourceTree = "<group>"; };
		CEC545D029C8413300C32167 /* Extencion+Image.swift */ = {isa = PBXFileReference; lastKnownFileType = sourcecode.swift; path = "Extencion+Image.swift"; sourceTree = "<group>"; };
		CEC545DA29C851C900C32167 /* MenuViewModel.swift */ = {isa = PBXFileReference; lastKnownFileType = sourcecode.swift; path = MenuViewModel.swift; sourceTree = "<group>"; };
		CEC545E229CB3D0800C32167 /* AuthoriztionManager.swift */ = {isa = PBXFileReference; lastKnownFileType = sourcecode.swift; path = AuthoriztionManager.swift; sourceTree = "<group>"; };
		CEC545E529D2F4F500C32167 /* GoogleService-Info.plist */ = {isa = PBXFileReference; fileEncoding = 4; lastKnownFileType = text.plist.xml; path = "GoogleService-Info.plist"; sourceTree = "<group>"; };
		CEC5680229C1918F00E01924 /* Month5.app */ = {isa = PBXFileReference; explicitFileType = wrapper.application; includeInIndex = 0; path = Month5.app; sourceTree = BUILT_PRODUCTS_DIR; };
		CEC5680529C1918F00E01924 /* AppDelegate.swift */ = {isa = PBXFileReference; lastKnownFileType = sourcecode.swift; path = AppDelegate.swift; sourceTree = "<group>"; };
		CEC5680729C1918F00E01924 /* SceneDelegate.swift */ = {isa = PBXFileReference; lastKnownFileType = sourcecode.swift; path = SceneDelegate.swift; sourceTree = "<group>"; };
		CEC5680E29C1919100E01924 /* Assets.xcassets */ = {isa = PBXFileReference; lastKnownFileType = folder.assetcatalog; path = Assets.xcassets; sourceTree = "<group>"; };
		CEC5681129C1919100E01924 /* Base */ = {isa = PBXFileReference; lastKnownFileType = file.storyboard; name = Base; path = Base.lproj/LaunchScreen.storyboard; sourceTree = "<group>"; };
		CEC5681329C1919100E01924 /* Info.plist */ = {isa = PBXFileReference; lastKnownFileType = text.plist.xml; path = Info.plist; sourceTree = "<group>"; };
		CEC5682229C1927100E01924 /* MenuWorkFlow.storyboard */ = {isa = PBXFileReference; lastKnownFileType = file.storyboard; path = MenuWorkFlow.storyboard; sourceTree = "<group>"; };
		CEC5682429C1928300E01924 /* MenuViewController.swift */ = {isa = PBXFileReference; lastKnownFileType = sourcecode.swift; path = MenuViewController.swift; sourceTree = "<group>"; };
		CEC5683229C1B84100E01924 /* MenuCollectionViewCell.swift */ = {isa = PBXFileReference; lastKnownFileType = sourcecode.swift; path = MenuCollectionViewCell.swift; sourceTree = "<group>"; };
		CEC5683329C1B84100E01924 /* MenuCollectionViewCell.xib */ = {isa = PBXFileReference; lastKnownFileType = file.xib; path = MenuCollectionViewCell.xib; sourceTree = "<group>"; };
		CEC5683729C1C25500E01924 /* MenuModel.swift */ = {isa = PBXFileReference; lastKnownFileType = sourcecode.swift; path = MenuModel.swift; sourceTree = "<group>"; };
		CEC5684129C1C93200E01924 /* NetworkService.swift */ = {isa = PBXFileReference; lastKnownFileType = sourcecode.swift; path = NetworkService.swift; sourceTree = "<group>"; };
		CEC5684329C1C94A00E01924 /* NetworkHelpers.swift */ = {isa = PBXFileReference; lastKnownFileType = sourcecode.swift; path = NetworkHelpers.swift; sourceTree = "<group>"; };
		CEF431CF29D4782F00E83601 /* DataBase.swift */ = {isa = PBXFileReference; lastKnownFileType = sourcecode.swift; path = DataBase.swift; sourceTree = "<group>"; };
		CEF431D429D47E2900E83601 /* ProfileWorkFlow.storyboard */ = {isa = PBXFileReference; fileEncoding = 4; lastKnownFileType = file.storyboard; path = ProfileWorkFlow.storyboard; sourceTree = "<group>"; };
		CEF431D529D47E2900E83601 /* ProfileViewController.swift */ = {isa = PBXFileReference; fileEncoding = 4; lastKnownFileType = sourcecode.swift; path = ProfileViewController.swift; sourceTree = "<group>"; };
		CEF431D929D80DCC00E83601 /* BasketWorkFlow.storyboard */ = {isa = PBXFileReference; lastKnownFileType = file.storyboard; path = BasketWorkFlow.storyboard; sourceTree = "<group>"; };
		CEF431DB29D80DF200E83601 /* BasketViewController.swift */ = {isa = PBXFileReference; lastKnownFileType = sourcecode.swift; path = BasketViewController.swift; sourceTree = "<group>"; };
		CEF431DE29D80EFD00E83601 /* BasketTableViewCell.swift */ = {isa = PBXFileReference; lastKnownFileType = sourcecode.swift; path = BasketTableViewCell.swift; sourceTree = "<group>"; };
		CEF431DF29D80EFD00E83601 /* BasketTableViewCell.xib */ = {isa = PBXFileReference; lastKnownFileType = file.xib; path = BasketTableViewCell.xib; sourceTree = "<group>"; };
		CEF431E329D83D0A00E83601 /* KeychainManager.swift */ = {isa = PBXFileReference; lastKnownFileType = sourcecode.swift; path = KeychainManager.swift; sourceTree = "<group>"; };
		CEF431E529D83D6600E83601 /* SplashViewController.swift */ = {isa = PBXFileReference; lastKnownFileType = sourcecode.swift; path = SplashViewController.swift; sourceTree = "<group>"; };
/* End PBXFileReference section */

/* Begin PBXFrameworksBuildPhase section */
		3F305564780E7FE7E34F993F /* Frameworks */ = {
			isa = PBXFrameworksBuildPhase;
			buildActionMask = 2147483647;
			files = (
				234DAE1024479E5A1350292B /* Pods_Month5.framework in Frameworks */,
			);
			runOnlyForDeploymentPostprocessing = 0;
		};
/* End PBXFrameworksBuildPhase section */

/* Begin PBXGroup section */
		3E82736AA81CE4190DF602F7 /* Frameworks */ = {
			isa = PBXGroup;
			children = (
				BB364391A66459AC58DA510E /* Pods_Month5.framework */,
			);
			name = Frameworks;
			sourceTree = "<group>";
		};
		9BB0FBB91DA904BB7F70A1A6 /* Pods */ = {
			isa = PBXGroup;
			children = (
				07ADE0D655579759807AC6F3 /* Pods-Month5.debug.xcconfig */,
				9DDC9FE1DFB97100CAAF1C30 /* Pods-Month5.release.xcconfig */,
			);
			path = Pods;
			sourceTree = "<group>";
		};
		CE2D8A9329DA87B4007FBACC /* VerificationWorkFlow */ = {
			isa = PBXGroup;
			children = (
				CE2D8A9429DA87E6007FBACC /* VerificationWorkFlow.storyboard */,
				CE2D8A9629DA886F007FBACC /* VerificationViewController.swift */,
			);
			path = VerificationWorkFlow;
			sourceTree = "<group>";
		};
		CEB89E7C29D43DA20097AC10 /* StorageManager */ = {
			isa = PBXGroup;
			children = (
				CEB89E7D29D43DB90097AC10 /* StorageManager.swift */,
			);
			path = StorageManager;
			sourceTree = "<group>";
		};
		CEB89E7F29D4576B0097AC10 /* MenuCollectionViewCell */ = {
			isa = PBXGroup;
			children = (
				CEC5683229C1B84100E01924 /* MenuCollectionViewCell.swift */,
				CEC5683329C1B84100E01924 /* MenuCollectionViewCell.xib */,
			);
			path = MenuCollectionViewCell;
			sourceTree = "<group>";
		};
		CEB89E8029D457900097AC10 /* ProductDetails */ = {
			isa = PBXGroup;
			children = (
				CEB89E8629D470250097AC10 /* ProductDetailsWorkFlow.storyboard */,
				CEC545A729C5A85300C32167 /* ProductDetailsViewController.swift */,
				CEF431D829D80DA800E83601 /* BasketWorkFlow */,
				CEB89E8129D458390097AC10 /* IngredientColectionView */,
			);
			path = ProductDetails;
			sourceTree = "<group>";
		};
		CEB89E8129D458390097AC10 /* IngredientColectionView */ = {
			isa = PBXGroup;
			children = (
				CEB89E8229D458670097AC10 /* IngredientCollectionViewCell.swift */,
				CEB89E8329D458670097AC10 /* IngredientCollectionViewCell.xib */,
			);
			name = IngredientColectionView;
			sourceTree = "<group>";
		};
		CEB89E8829D473B20097AC10 /* DataBase */ = {
			isa = PBXGroup;
			children = (
				CEF431CF29D4782F00E83601 /* DataBase.swift */,
			);
			path = DataBase;
			sourceTree = "<group>";
		};
		CEC545CD29C835E500C32167 /* NetworkService */ = {
			isa = PBXGroup;
			children = (
				CEC5684129C1C93200E01924 /* NetworkService.swift */,
				CEC5684329C1C94A00E01924 /* NetworkHelpers.swift */,
			);
			path = NetworkService;
			sourceTree = "<group>";
		};
		CEC545CE29C8360300C32167 /* AuthorizationManager */ = {
			isa = PBXGroup;
			children = (
				CEC545E229CB3D0800C32167 /* AuthoriztionManager.swift */,
			);
			path = AuthorizationManager;
			sourceTree = "<group>";
		};
		CEC567F929C1918F00E01924 = {
			isa = PBXGroup;
			children = (
				CEC5680429C1918F00E01924 /* Month5 */,
				CEC5680329C1918F00E01924 /* Products */,
				9BB0FBB91DA904BB7F70A1A6 /* Pods */,
				3E82736AA81CE4190DF602F7 /* Frameworks */,
			);
			sourceTree = "<group>";
		};
		CEC5680329C1918F00E01924 /* Products */ = {
			isa = PBXGroup;
			children = (
				CEC5680229C1918F00E01924 /* Month5.app */,
			);
			name = Products;
			sourceTree = "<group>";
		};
		CEC5680429C1918F00E01924 /* Month5 */ = {
			isa = PBXGroup;
			children = (
				CEC545E529D2F4F500C32167 /* GoogleService-Info.plist */,
				CEC5681A29C191B100E01924 /* App */,
				CEC5681B29C191C700E01924 /* Resourses */,
				CEC5681C29C191EC00E01924 /* WorkFlows */,
				CEC5683029C1940800E01924 /* Constants */,
				CEC5682F29C1940000E01924 /* DTOs */,
				CEC5682E29C193F300E01924 /* Service */,
			);
			path = Month5;
			sourceTree = "<group>";
		};
		CEC5681A29C191B100E01924 /* App */ = {
			isa = PBXGroup;
			children = (
				CEC5680529C1918F00E01924 /* AppDelegate.swift */,
				CEC5680729C1918F00E01924 /* SceneDelegate.swift */,
			);
			path = App;
			sourceTree = "<group>";
		};
		CEC5681B29C191C700E01924 /* Resourses */ = {
			isa = PBXGroup;
			children = (
				CEC5680E29C1919100E01924 /* Assets.xcassets */,
				CEC5681029C1919100E01924 /* LaunchScreen.storyboard */,
				CEC5681329C1919100E01924 /* Info.plist */,
			);
			path = Resourses;
			sourceTree = "<group>";
		};
		CEC5681C29C191EC00E01924 /* WorkFlows */ = {
			isa = PBXGroup;
			children = (
				CEC5681E29C1920400E01924 /* AutorizedWorkFlow */,
				CEC5681D29C191F600E01924 /* UnautorizedWorkFlow */,
			);
			path = WorkFlows;
			sourceTree = "<group>";
		};
		CEC5681D29C191F600E01924 /* UnautorizedWorkFlow */ = {
			isa = PBXGroup;
			children = (
				CE2D8A9329DA87B4007FBACC /* VerificationWorkFlow */,
				CEF431D329D47E2900E83601 /* ProfileWorkFlow */,
			);
			path = UnautorizedWorkFlow;
			sourceTree = "<group>";
		};
		CEC5681E29C1920400E01924 /* AutorizedWorkFlow */ = {
			isa = PBXGroup;
			children = (
				CEC5682029C1923700E01924 /* MenuWorkFlow */,
			);
			path = AutorizedWorkFlow;
			sourceTree = "<group>";
		};
		CEC5682029C1923700E01924 /* MenuWorkFlow */ = {
			isa = PBXGroup;
			children = (
				CEC5682229C1927100E01924 /* MenuWorkFlow.storyboard */,
				CEC5682429C1928300E01924 /* MenuViewController.swift */,
				CEC545DA29C851C900C32167 /* MenuViewModel.swift */,
				CEC5683129C1B7F400E01924 /* Components */,
			);
			path = MenuWorkFlow;
			sourceTree = "<group>";
		};
		CEC5682E29C193F300E01924 /* Service */ = {
			isa = PBXGroup;
			children = (
				CEF431E229D83CCD00E83601 /* KeychainManager */,
				CEB89E8829D473B20097AC10 /* DataBase */,
				CEB89E7C29D43DA20097AC10 /* StorageManager */,
				CEC545CE29C8360300C32167 /* AuthorizationManager */,
				CEC545CD29C835E500C32167 /* NetworkService */,
			);
			path = Service;
			sourceTree = "<group>";
		};
		CEC5682F29C1940000E01924 /* DTOs */ = {
			isa = PBXGroup;
			children = (
				CEC5683729C1C25500E01924 /* MenuModel.swift */,
				CEC545D029C8413300C32167 /* Extencion+Image.swift */,
				CEB89E7829D42F250097AC10 /* Ingredients.swift */,
				CEB89E7A29D43D200097AC10 /* Counter.swift */,
			);
			path = DTOs;
			sourceTree = "<group>";
		};
		CEC5683029C1940800E01924 /* Constants */ = {
			isa = PBXGroup;
			children = (
				CEC545CB29C8333800C32167 /* Constants.swift */,
			);
			path = Constants;
			sourceTree = "<group>";
		};
		CEC5683129C1B7F400E01924 /* Components */ = {
			isa = PBXGroup;
			children = (
				CEB89E7F29D4576B0097AC10 /* MenuCollectionViewCell */,
				CEB89E8029D457900097AC10 /* ProductDetails */,
			);
			path = Components;
			sourceTree = "<group>";
		};
		CEF431D329D47E2900E83601 /* ProfileWorkFlow */ = {
			isa = PBXGroup;
			children = (
				CEF431D429D47E2900E83601 /* ProfileWorkFlow.storyboard */,
				CEF431D529D47E2900E83601 /* ProfileViewController.swift */,
				CEF431E529D83D6600E83601 /* SplashViewController.swift */,
			);
			path = ProfileWorkFlow;
			sourceTree = "<group>";
		};
		CEF431D829D80DA800E83601 /* BasketWorkFlow */ = {
			isa = PBXGroup;
			children = (
				CEF431D929D80DCC00E83601 /* BasketWorkFlow.storyboard */,
				CEF431DB29D80DF200E83601 /* BasketViewController.swift */,
				CEF431DD29D80ED600E83601 /* Components */,
			);
			name = BasketWorkFlow;
			sourceTree = "<group>";
		};
		CEF431DD29D80ED600E83601 /* Components */ = {
			isa = PBXGroup;
			children = (
				CEF431DE29D80EFD00E83601 /* BasketTableViewCell.swift */,
				CEF431DF29D80EFD00E83601 /* BasketTableViewCell.xib */,
			);
			name = Components;
			sourceTree = "<group>";
		};
		CEF431E229D83CCD00E83601 /* KeychainManager */ = {
			isa = PBXGroup;
			children = (
				CEF431E329D83D0A00E83601 /* KeychainManager.swift */,
			);
			path = KeychainManager;
			sourceTree = "<group>";
		};
/* End PBXGroup section */

/* Begin PBXNativeTarget section */
		CEC5680129C1918F00E01924 /* Month5 */ = {
			isa = PBXNativeTarget;
			buildConfigurationList = CEC5681629C1919100E01924 /* Build configuration list for PBXNativeTarget "Month5" */;
			buildPhases = (
				ABDACA47BCCCC77519772EE1 /* [CP] Check Pods Manifest.lock */,
				CEC567FE29C1918F00E01924 /* Sources */,
				CEC5680029C1918F00E01924 /* Resources */,
				3F305564780E7FE7E34F993F /* Frameworks */,
				CA54DBFC101D0362008A852B /* [CP] Embed Pods Frameworks */,
			);
			buildRules = (
			);
			dependencies = (
			);
			name = Month5;
			productName = Month5;
			productReference = CEC5680229C1918F00E01924 /* Month5.app */;
			productType = "com.apple.product-type.application";
		};
/* End PBXNativeTarget section */

/* Begin PBXProject section */
		CEC567FA29C1918F00E01924 /* Project object */ = {
			isa = PBXProject;
			attributes = {
				BuildIndependentTargetsInParallel = 1;
				LastSwiftUpdateCheck = 1420;
				LastUpgradeCheck = 1420;
				TargetAttributes = {
					CEC5680129C1918F00E01924 = {
						CreatedOnToolsVersion = 14.2;
					};
				};
			};
			buildConfigurationList = CEC567FD29C1918F00E01924 /* Build configuration list for PBXProject "Month5" */;
			compatibilityVersion = "Xcode 14.0";
			developmentRegion = en;
			hasScannedForEncodings = 0;
			knownRegions = (
				en,
				Base,
			);
			mainGroup = CEC567F929C1918F00E01924;
			productRefGroup = CEC5680329C1918F00E01924 /* Products */;
			projectDirPath = "";
			projectRoot = "";
			targets = (
				CEC5680129C1918F00E01924 /* Month5 */,
			);
		};
/* End PBXProject section */

/* Begin PBXResourcesBuildPhase section */
		CEC5680029C1918F00E01924 /* Resources */ = {
			isa = PBXResourcesBuildPhase;
			buildActionMask = 2147483647;
			files = (
				CEC5682329C1927100E01924 /* MenuWorkFlow.storyboard in Resources */,
				CEF431DA29D80DCC00E83601 /* BasketWorkFlow.storyboard in Resources */,
				CEC5683529C1B84100E01924 /* MenuCollectionViewCell.xib in Resources */,
				CE2D8A9529DA87E6007FBACC /* VerificationWorkFlow.storyboard in Resources */,
				CEB89E8529D458670097AC10 /* IngredientCollectionViewCell.xib in Resources */,
				CEC545E629D2F4F500C32167 /* GoogleService-Info.plist in Resources */,
				CEC5681229C1919100E01924 /* LaunchScreen.storyboard in Resources */,
				CEF431D629D47E2900E83601 /* ProfileWorkFlow.storyboard in Resources */,
				CEB89E8729D470250097AC10 /* ProductDetailsWorkFlow.storyboard in Resources */,
				CEC5680F29C1919100E01924 /* Assets.xcassets in Resources */,
				CEF431E129D80EFD00E83601 /* BasketTableViewCell.xib in Resources */,
			);
			runOnlyForDeploymentPostprocessing = 0;
		};
/* End PBXResourcesBuildPhase section */

/* Begin PBXShellScriptBuildPhase section */
		ABDACA47BCCCC77519772EE1 /* [CP] Check Pods Manifest.lock */ = {
			isa = PBXShellScriptBuildPhase;
			buildActionMask = 2147483647;
			files = (
			);
			inputFileListPaths = (
			);
			inputPaths = (
				"${PODS_PODFILE_DIR_PATH}/Podfile.lock",
				"${PODS_ROOT}/Manifest.lock",
			);
			name = "[CP] Check Pods Manifest.lock";
			outputFileListPaths = (
			);
			outputPaths = (
				"$(DERIVED_FILE_DIR)/Pods-Month5-checkManifestLockResult.txt",
			);
			runOnlyForDeploymentPostprocessing = 0;
			shellPath = /bin/sh;
			shellScript = "diff \"${PODS_PODFILE_DIR_PATH}/Podfile.lock\" \"${PODS_ROOT}/Manifest.lock\" > /dev/null\nif [ $? != 0 ] ; then\n    # print error to STDERR\n    echo \"error: The sandbox is not in sync with the Podfile.lock. Run 'pod install' or update your CocoaPods installation.\" >&2\n    exit 1\nfi\n# This output is used by Xcode 'outputs' to avoid re-running this script phase.\necho \"SUCCESS\" > \"${SCRIPT_OUTPUT_FILE_0}\"\n";
			showEnvVarsInLog = 0;
		};
		CA54DBFC101D0362008A852B /* [CP] Embed Pods Frameworks */ = {
			isa = PBXShellScriptBuildPhase;
			buildActionMask = 2147483647;
			files = (
			);
			inputFileListPaths = (
				"${PODS_ROOT}/Target Support Files/Pods-Month5/Pods-Month5-frameworks-${CONFIGURATION}-input-files.xcfilelist",
			);
			name = "[CP] Embed Pods Frameworks";
			outputFileListPaths = (
				"${PODS_ROOT}/Target Support Files/Pods-Month5/Pods-Month5-frameworks-${CONFIGURATION}-output-files.xcfilelist",
			);
			runOnlyForDeploymentPostprocessing = 0;
			shellPath = /bin/sh;
			shellScript = "\"${PODS_ROOT}/Target Support Files/Pods-Month5/Pods-Month5-frameworks.sh\"\n";
			showEnvVarsInLog = 0;
		};
/* End PBXShellScriptBuildPhase section */

/* Begin PBXSourcesBuildPhase section */
		CEC567FE29C1918F00E01924 /* Sources */ = {
			isa = PBXSourcesBuildPhase;
			buildActionMask = 2147483647;
			files = (
				CEB89E7E29D43DB90097AC10 /* StorageManager.swift in Sources */,
				CEC5680629C1918F00E01924 /* AppDelegate.swift in Sources */,
				CEC5682529C1928300E01924 /* MenuViewController.swift in Sources */,
				CEC5684229C1C93200E01924 /* NetworkService.swift in Sources */,
				CEF431D029D4782F00E83601 /* DataBase.swift in Sources */,
				CEC545DB29C851C900C32167 /* MenuViewModel.swift in Sources */,
				CEF431D729D47E2900E83601 /* ProfileViewController.swift in Sources */,
				CEC5683829C1C25500E01924 /* MenuModel.swift in Sources */,
				CEC545E329CB3D0800C32167 /* AuthoriztionManager.swift in Sources */,
				CEB89E7B29D43D200097AC10 /* Counter.swift in Sources */,
				CEC545CC29C8333800C32167 /* Constants.swift in Sources */,
				CE2D8A9729DA886F007FBACC /* VerificationViewController.swift in Sources */,
				CEC5684429C1C94A00E01924 /* NetworkHelpers.swift in Sources */,
				CEC545A829C5A85300C32167 /* ProductDetailsViewController.swift in Sources */,
				CEF431E029D80EFD00E83601 /* BasketTableViewCell.swift in Sources */,
				CEC5680829C1918F00E01924 /* SceneDelegate.swift in Sources */,
				CEF431DC29D80DF200E83601 /* BasketViewController.swift in Sources */,
				CEF431E429D83D0A00E83601 /* KeychainManager.swift in Sources */,
				CEC545D129C8413300C32167 /* Extencion+Image.swift in Sources */,
				CEB89E7929D42F250097AC10 /* Ingredients.swift in Sources */,
				CEB89E8429D458670097AC10 /* IngredientCollectionViewCell.swift in Sources */,
				CEC5683429C1B84100E01924 /* MenuCollectionViewCell.swift in Sources */,
				CEF431E629D83D6600E83601 /* SplashViewController.swift in Sources */,
			);
			runOnlyForDeploymentPostprocessing = 0;
		};
/* End PBXSourcesBuildPhase section */

/* Begin PBXVariantGroup section */
		CEC5681029C1919100E01924 /* LaunchScreen.storyboard */ = {
			isa = PBXVariantGroup;
			children = (
				CEC5681129C1919100E01924 /* Base */,
			);
			name = LaunchScreen.storyboard;
			sourceTree = "<group>";
		};
/* End PBXVariantGroup section */

/* Begin XCBuildConfiguration section */
		CEC5681429C1919100E01924 /* Debug */ = {
			isa = XCBuildConfiguration;
			buildSettings = {
				ALWAYS_SEARCH_USER_PATHS = NO;
				CLANG_ANALYZER_NONNULL = YES;
				CLANG_ANALYZER_NUMBER_OBJECT_CONVERSION = YES_AGGRESSIVE;
				CLANG_CXX_LANGUAGE_STANDARD = "gnu++20";
				CLANG_ENABLE_MODULES = YES;
				CLANG_ENABLE_OBJC_ARC = YES;
				CLANG_ENABLE_OBJC_WEAK = YES;
				CLANG_WARN_BLOCK_CAPTURE_AUTORELEASING = YES;
				CLANG_WARN_BOOL_CONVERSION = YES;
				CLANG_WARN_COMMA = YES;
				CLANG_WARN_CONSTANT_CONVERSION = YES;
				CLANG_WARN_DEPRECATED_OBJC_IMPLEMENTATIONS = YES;
				CLANG_WARN_DIRECT_OBJC_ISA_USAGE = YES_ERROR;
				CLANG_WARN_DOCUMENTATION_COMMENTS = YES;
				CLANG_WARN_EMPTY_BODY = YES;
				CLANG_WARN_ENUM_CONVERSION = YES;
				CLANG_WARN_INFINITE_RECURSION = YES;
				CLANG_WARN_INT_CONVERSION = YES;
				CLANG_WARN_NON_LITERAL_NULL_CONVERSION = YES;
				CLANG_WARN_OBJC_IMPLICIT_RETAIN_SELF = YES;
				CLANG_WARN_OBJC_LITERAL_CONVERSION = YES;
				CLANG_WARN_OBJC_ROOT_CLASS = YES_ERROR;
				CLANG_WARN_QUOTED_INCLUDE_IN_FRAMEWORK_HEADER = YES;
				CLANG_WARN_RANGE_LOOP_ANALYSIS = YES;
				CLANG_WARN_STRICT_PROTOTYPES = YES;
				CLANG_WARN_SUSPICIOUS_MOVE = YES;
				CLANG_WARN_UNGUARDED_AVAILABILITY = YES_AGGRESSIVE;
				CLANG_WARN_UNREACHABLE_CODE = YES;
				CLANG_WARN__DUPLICATE_METHOD_MATCH = YES;
				COPY_PHASE_STRIP = NO;
				DEBUG_INFORMATION_FORMAT = dwarf;
				ENABLE_STRICT_OBJC_MSGSEND = YES;
				ENABLE_TESTABILITY = YES;
				GCC_C_LANGUAGE_STANDARD = gnu11;
				GCC_DYNAMIC_NO_PIC = NO;
				GCC_NO_COMMON_BLOCKS = YES;
				GCC_OPTIMIZATION_LEVEL = 0;
				GCC_PREPROCESSOR_DEFINITIONS = (
					"DEBUG=1",
					"$(inherited)",
				);
				GCC_WARN_64_TO_32_BIT_CONVERSION = YES;
				GCC_WARN_ABOUT_RETURN_TYPE = YES_ERROR;
				GCC_WARN_UNDECLARED_SELECTOR = YES;
				GCC_WARN_UNINITIALIZED_AUTOS = YES_AGGRESSIVE;
				GCC_WARN_UNUSED_FUNCTION = YES;
				GCC_WARN_UNUSED_VARIABLE = YES;
				IPHONEOS_DEPLOYMENT_TARGET = 16.2;
				MTL_ENABLE_DEBUG_INFO = INCLUDE_SOURCE;
				MTL_FAST_MATH = YES;
				ONLY_ACTIVE_ARCH = YES;
				SDKROOT = iphoneos;
				SWIFT_ACTIVE_COMPILATION_CONDITIONS = DEBUG;
				SWIFT_OPTIMIZATION_LEVEL = "-Onone";
			};
			name = Debug;
		};
		CEC5681529C1919100E01924 /* Release */ = {
			isa = XCBuildConfiguration;
			buildSettings = {
				ALWAYS_SEARCH_USER_PATHS = NO;
				CLANG_ANALYZER_NONNULL = YES;
				CLANG_ANALYZER_NUMBER_OBJECT_CONVERSION = YES_AGGRESSIVE;
				CLANG_CXX_LANGUAGE_STANDARD = "gnu++20";
				CLANG_ENABLE_MODULES = YES;
				CLANG_ENABLE_OBJC_ARC = YES;
				CLANG_ENABLE_OBJC_WEAK = YES;
				CLANG_WARN_BLOCK_CAPTURE_AUTORELEASING = YES;
				CLANG_WARN_BOOL_CONVERSION = YES;
				CLANG_WARN_COMMA = YES;
				CLANG_WARN_CONSTANT_CONVERSION = YES;
				CLANG_WARN_DEPRECATED_OBJC_IMPLEMENTATIONS = YES;
				CLANG_WARN_DIRECT_OBJC_ISA_USAGE = YES_ERROR;
				CLANG_WARN_DOCUMENTATION_COMMENTS = YES;
				CLANG_WARN_EMPTY_BODY = YES;
				CLANG_WARN_ENUM_CONVERSION = YES;
				CLANG_WARN_INFINITE_RECURSION = YES;
				CLANG_WARN_INT_CONVERSION = YES;
				CLANG_WARN_NON_LITERAL_NULL_CONVERSION = YES;
				CLANG_WARN_OBJC_IMPLICIT_RETAIN_SELF = YES;
				CLANG_WARN_OBJC_LITERAL_CONVERSION = YES;
				CLANG_WARN_OBJC_ROOT_CLASS = YES_ERROR;
				CLANG_WARN_QUOTED_INCLUDE_IN_FRAMEWORK_HEADER = YES;
				CLANG_WARN_RANGE_LOOP_ANALYSIS = YES;
				CLANG_WARN_STRICT_PROTOTYPES = YES;
				CLANG_WARN_SUSPICIOUS_MOVE = YES;
				CLANG_WARN_UNGUARDED_AVAILABILITY = YES_AGGRESSIVE;
				CLANG_WARN_UNREACHABLE_CODE = YES;
				CLANG_WARN__DUPLICATE_METHOD_MATCH = YES;
				COPY_PHASE_STRIP = NO;
				DEBUG_INFORMATION_FORMAT = "dwarf-with-dsym";
				ENABLE_NS_ASSERTIONS = NO;
				ENABLE_STRICT_OBJC_MSGSEND = YES;
				GCC_C_LANGUAGE_STANDARD = gnu11;
				GCC_NO_COMMON_BLOCKS = YES;
				GCC_WARN_64_TO_32_BIT_CONVERSION = YES;
				GCC_WARN_ABOUT_RETURN_TYPE = YES_ERROR;
				GCC_WARN_UNDECLARED_SELECTOR = YES;
				GCC_WARN_UNINITIALIZED_AUTOS = YES_AGGRESSIVE;
				GCC_WARN_UNUSED_FUNCTION = YES;
				GCC_WARN_UNUSED_VARIABLE = YES;
				IPHONEOS_DEPLOYMENT_TARGET = 16.2;
				MTL_ENABLE_DEBUG_INFO = NO;
				MTL_FAST_MATH = YES;
				SDKROOT = iphoneos;
				SWIFT_COMPILATION_MODE = wholemodule;
				SWIFT_OPTIMIZATION_LEVEL = "-O";
				VALIDATE_PRODUCT = YES;
			};
			name = Release;
		};
		CEC5681729C1919100E01924 /* Debug */ = {
			isa = XCBuildConfiguration;
			baseConfigurationReference = 07ADE0D655579759807AC6F3 /* Pods-Month5.debug.xcconfig */;
			buildSettings = {
				ASSETCATALOG_COMPILER_APPICON_NAME = AppIcon;
				ASSETCATALOG_COMPILER_GLOBAL_ACCENT_COLOR_NAME = AccentColor;
				CODE_SIGN_STYLE = Automatic;
				CURRENT_PROJECT_VERSION = 1;
				DEVELOPMENT_TEAM = 9U29FTW386;
				GENERATE_INFOPLIST_FILE = YES;
				INFOPLIST_FILE = Month5/Resourses/Info.plist;
				INFOPLIST_KEY_UIApplicationSupportsIndirectInputEvents = YES;
				INFOPLIST_KEY_UILaunchStoryboardName = LaunchScreen;
				INFOPLIST_KEY_UIMainStoryboardFile = ProfileWorkFlow;
				INFOPLIST_KEY_UISupportedInterfaceOrientations_iPad = "UIInterfaceOrientationPortrait UIInterfaceOrientationPortraitUpsideDown UIInterfaceOrientationLandscapeLeft UIInterfaceOrientationLandscapeRight";
				INFOPLIST_KEY_UISupportedInterfaceOrientations_iPhone = "UIInterfaceOrientationPortrait UIInterfaceOrientationLandscapeLeft UIInterfaceOrientationLandscapeRight";
				LD_RUNPATH_SEARCH_PATHS = (
					"$(inherited)",
					"@executable_path/Frameworks",
				);
				MARKETING_VERSION = 1.0;
				PRODUCT_BUNDLE_IDENTIFIER = kg.geektech.Month5;
				PRODUCT_NAME = "$(TARGET_NAME)";
				SWIFT_EMIT_LOC_STRINGS = YES;
				SWIFT_VERSION = 5.0;
				TARGETED_DEVICE_FAMILY = "1,2";
			};
			name = Debug;
		};
		CEC5681829C1919100E01924 /* Release */ = {
			isa = XCBuildConfiguration;
			baseConfigurationReference = 9DDC9FE1DFB97100CAAF1C30 /* Pods-Month5.release.xcconfig */;
			buildSettings = {
				ASSETCATALOG_COMPILER_APPICON_NAME = AppIcon;
				ASSETCATALOG_COMPILER_GLOBAL_ACCENT_COLOR_NAME = AccentColor;
				CODE_SIGN_STYLE = Automatic;
				CURRENT_PROJECT_VERSION = 1;
				DEVELOPMENT_TEAM = 9U29FTW386;
				GENERATE_INFOPLIST_FILE = YES;
				INFOPLIST_FILE = Month5/Resourses/Info.plist;
				INFOPLIST_KEY_UIApplicationSupportsIndirectInputEvents = YES;
				INFOPLIST_KEY_UILaunchStoryboardName = LaunchScreen;
				INFOPLIST_KEY_UIMainStoryboardFile = ProfileWorkFlow;
				INFOPLIST_KEY_UISupportedInterfaceOrientations_iPad = "UIInterfaceOrientationPortrait UIInterfaceOrientationPortraitUpsideDown UIInterfaceOrientationLandscapeLeft UIInterfaceOrientationLandscapeRight";
				INFOPLIST_KEY_UISupportedInterfaceOrientations_iPhone = "UIInterfaceOrientationPortrait UIInterfaceOrientationLandscapeLeft UIInterfaceOrientationLandscapeRight";
				LD_RUNPATH_SEARCH_PATHS = (
					"$(inherited)",
					"@executable_path/Frameworks",
				);
				MARKETING_VERSION = 1.0;
				PRODUCT_BUNDLE_IDENTIFIER = kg.geektech.Month5;
				PRODUCT_NAME = "$(TARGET_NAME)";
				SWIFT_EMIT_LOC_STRINGS = YES;
				SWIFT_VERSION = 5.0;
				TARGETED_DEVICE_FAMILY = "1,2";
			};
			name = Release;
		};
/* End XCBuildConfiguration section */

/* Begin XCConfigurationList section */
		CEC567FD29C1918F00E01924 /* Build configuration list for PBXProject "Month5" */ = {
			isa = XCConfigurationList;
			buildConfigurations = (
				CEC5681429C1919100E01924 /* Debug */,
				CEC5681529C1919100E01924 /* Release */,
			);
			defaultConfigurationIsVisible = 0;
			defaultConfigurationName = Release;
		};
		CEC5681629C1919100E01924 /* Build configuration list for PBXNativeTarget "Month5" */ = {
			isa = XCConfigurationList;
			buildConfigurations = (
				CEC5681729C1919100E01924 /* Debug */,
				CEC5681829C1919100E01924 /* Release */,
			);
			defaultConfigurationIsVisible = 0;
			defaultConfigurationName = Release;
		};
/* End XCConfigurationList section */
	};
	rootObject = CEC567FA29C1918F00E01924 /* Project object */;
}
