// !$*UTF8*$!
{
	archiveVersion = 1;
	classes = {
	};
	objectVersion = 56;
	objects = {

/* Begin PBXBuildFile section */
		CEC545A829C5A85300C32167 /* ProductDetailsViewController.swift in Sources */ = {isa = PBXBuildFile; fileRef = CEC545A729C5A85300C32167 /* ProductDetailsViewController.swift */; };
		CEC545CA29C5FFD500C32167 /* GoogleService-Info.plist in Resources */ = {isa = PBXBuildFile; fileRef = CEC545C929C5FFD500C32167 /* GoogleService-Info.plist */; };
		CEC545CC29C8333800C32167 /* Constants.swift in Sources */ = {isa = PBXBuildFile; fileRef = CEC545CB29C8333800C32167 /* Constants.swift */; };
		CEC545D129C8413300C32167 /* Extencion+Image.swift in Sources */ = {isa = PBXBuildFile; fileRef = CEC545D029C8413300C32167 /* Extencion+Image.swift */; };
		CEC545DB29C851C900C32167 /* MenuViewModel.swift in Sources */ = {isa = PBXBuildFile; fileRef = CEC545DA29C851C900C32167 /* MenuViewModel.swift */; };
		CEC5680629C1918F00E01924 /* AppDelegate.swift in Sources */ = {isa = PBXBuildFile; fileRef = CEC5680529C1918F00E01924 /* AppDelegate.swift */; };
		CEC5680829C1918F00E01924 /* SceneDelegate.swift in Sources */ = {isa = PBXBuildFile; fileRef = CEC5680729C1918F00E01924 /* SceneDelegate.swift */; };
		CEC5680F29C1919100E01924 /* Assets.xcassets in Resources */ = {isa = PBXBuildFile; fileRef = CEC5680E29C1919100E01924 /* Assets.xcassets */; };
		CEC5681229C1919100E01924 /* LaunchScreen.storyboard in Resources */ = {isa = PBXBuildFile; fileRef = CEC5681029C1919100E01924 /* LaunchScreen.storyboard */; };
		CEC5682329C1927100E01924 /* MenuWorkFlow.storyboard in Resources */ = {isa = PBXBuildFile; fileRef = CEC5682229C1927100E01924 /* MenuWorkFlow.storyboard */; };
		CEC5682529C1928300E01924 /* MenuViewController.swift in Sources */ = {isa = PBXBuildFile; fileRef = CEC5682429C1928300E01924 /* MenuViewController.swift */; };
		CEC5682729C1929A00E01924 /* ProfileWorkFlow.storyboard in Resources */ = {isa = PBXBuildFile; fileRef = CEC5682629C1929A00E01924 /* ProfileWorkFlow.storyboard */; };
		CEC5682929C192A700E01924 /* ProfileViewController.swift in Sources */ = {isa = PBXBuildFile; fileRef = CEC5682829C192A700E01924 /* ProfileViewController.swift */; };
		CEC5682B29C192B800E01924 /* ProductDetailsWorkFlow.storyboard in Resources */ = {isa = PBXBuildFile; fileRef = CEC5682A29C192B800E01924 /* ProductDetailsWorkFlow.storyboard */; };
		CEC5683429C1B84100E01924 /* MenuCollectionViewCell.swift in Sources */ = {isa = PBXBuildFile; fileRef = CEC5683229C1B84100E01924 /* MenuCollectionViewCell.swift */; };
		CEC5683529C1B84100E01924 /* MenuCollectionViewCell.xib in Resources */ = {isa = PBXBuildFile; fileRef = CEC5683329C1B84100E01924 /* MenuCollectionViewCell.xib */; };
		CEC5683829C1C25500E01924 /* MenuModel.swift in Sources */ = {isa = PBXBuildFile; fileRef = CEC5683729C1C25500E01924 /* MenuModel.swift */; };
		CEC5684229C1C93200E01924 /* NetworkService.swift in Sources */ = {isa = PBXBuildFile; fileRef = CEC5684129C1C93200E01924 /* NetworkService.swift */; };
		CEC5684429C1C94A00E01924 /* NetworkHelpers.swift in Sources */ = {isa = PBXBuildFile; fileRef = CEC5684329C1C94A00E01924 /* NetworkHelpers.swift */; };
/* End PBXBuildFile section */

/* Begin PBXFileReference section */
		CEC545A729C5A85300C32167 /* ProductDetailsViewController.swift */ = {isa = PBXFileReference; lastKnownFileType = sourcecode.swift; path = ProductDetailsViewController.swift; sourceTree = "<group>"; };
		CEC545C929C5FFD500C32167 /* GoogleService-Info.plist */ = {isa = PBXFileReference; fileEncoding = 4; lastKnownFileType = text.plist.xml; path = "GoogleService-Info.plist"; sourceTree = "<group>"; };
		CEC545CB29C8333800C32167 /* Constants.swift */ = {isa = PBXFileReference; lastKnownFileType = sourcecode.swift; path = Constants.swift; sourceTree = "<group>"; };
		CEC545D029C8413300C32167 /* Extencion+Image.swift */ = {isa = PBXFileReference; lastKnownFileType = sourcecode.swift; path = "Extencion+Image.swift"; sourceTree = "<group>"; };
		CEC545DA29C851C900C32167 /* MenuViewModel.swift */ = {isa = PBXFileReference; lastKnownFileType = sourcecode.swift; path = MenuViewModel.swift; sourceTree = "<group>"; };
		CEC5680229C1918F00E01924 /* Month5.app */ = {isa = PBXFileReference; explicitFileType = wrapper.application; includeInIndex = 0; path = Month5.app; sourceTree = BUILT_PRODUCTS_DIR; };
		CEC5680529C1918F00E01924 /* AppDelegate.swift */ = {isa = PBXFileReference; lastKnownFileType = sourcecode.swift; path = AppDelegate.swift; sourceTree = "<group>"; };
		CEC5680729C1918F00E01924 /* SceneDelegate.swift */ = {isa = PBXFileReference; lastKnownFileType = sourcecode.swift; path = SceneDelegate.swift; sourceTree = "<group>"; };
		CEC5680E29C1919100E01924 /* Assets.xcassets */ = {isa = PBXFileReference; lastKnownFileType = folder.assetcatalog; path = Assets.xcassets; sourceTree = "<group>"; };
		CEC5681129C1919100E01924 /* Base */ = {isa = PBXFileReference; lastKnownFileType = file.storyboard; name = Base; path = Base.lproj/LaunchScreen.storyboard; sourceTree = "<group>"; };
		CEC5681329C1919100E01924 /* Info.plist */ = {isa = PBXFileReference; lastKnownFileType = text.plist.xml; path = Info.plist; sourceTree = "<group>"; };
		CEC5682229C1927100E01924 /* MenuWorkFlow.storyboard */ = {isa = PBXFileReference; lastKnownFileType = file.storyboard; path = MenuWorkFlow.storyboard; sourceTree = "<group>"; };
		CEC5682429C1928300E01924 /* MenuViewController.swift */ = {isa = PBXFileReference; lastKnownFileType = sourcecode.swift; path = MenuViewController.swift; sourceTree = "<group>"; };
		CEC5682629C1929A00E01924 /* ProfileWorkFlow.storyboard */ = {isa = PBXFileReference; lastKnownFileType = file.storyboard; path = ProfileWorkFlow.storyboard; sourceTree = "<group>"; };
		CEC5682829C192A700E01924 /* ProfileViewController.swift */ = {isa = PBXFileReference; lastKnownFileType = sourcecode.swift; path = ProfileViewController.swift; sourceTree = "<group>"; };
		CEC5682A29C192B800E01924 /* ProductDetailsWorkFlow.storyboard */ = {isa = PBXFileReference; lastKnownFileType = file.storyboard; path = ProductDetailsWorkFlow.storyboard; sourceTree = "<group>"; };
		CEC5683229C1B84100E01924 /* MenuCollectionViewCell.swift */ = {isa = PBXFileReference; lastKnownFileType = sourcecode.swift; path = MenuCollectionViewCell.swift; sourceTree = "<group>"; };
		CEC5683329C1B84100E01924 /* MenuCollectionViewCell.xib */ = {isa = PBXFileReference; lastKnownFileType = file.xib; path = MenuCollectionViewCell.xib; sourceTree = "<group>"; };
		CEC5683729C1C25500E01924 /* MenuModel.swift */ = {isa = PBXFileReference; lastKnownFileType = sourcecode.swift; path = MenuModel.swift; sourceTree = "<group>"; };
		CEC5684129C1C93200E01924 /* NetworkService.swift */ = {isa = PBXFileReference; lastKnownFileType = sourcecode.swift; path = NetworkService.swift; sourceTree = "<group>"; };
		CEC5684329C1C94A00E01924 /* NetworkHelpers.swift */ = {isa = PBXFileReference; lastKnownFileType = sourcecode.swift; path = NetworkHelpers.swift; sourceTree = "<group>"; };
/* End PBXFileReference section */

/* Begin PBXGroup section */
		CEC545CD29C835E500C32167 /* NetworkService */ = {
			isa = PBXGroup;
			children = (
				CEC5684129C1C93200E01924 /* NetworkService.swift */,
				CEC5684329C1C94A00E01924 /* NetworkHelpers.swift */,
				CEC545C929C5FFD500C32167 /* GoogleService-Info.plist */,
			);
			path = NetworkService;
			sourceTree = "<group>";
		};
		CEC545CE29C8360300C32167 /* AuthorizationService */ = {
			isa = PBXGroup;
			children = (
			);
			path = AuthorizationService;
			sourceTree = "<group>";
		};
		CEC567F929C1918F00E01924 = {
			isa = PBXGroup;
			children = (
				CEC5680429C1918F00E01924 /* Month5 */,
				CEC5680329C1918F00E01924 /* Products */,
			);
			sourceTree = "<group>";
		};
		CEC5680329C1918F00E01924 /* Products */ = {
			isa = PBXGroup;
			children = (
				CEC5680229C1918F00E01924 /* Month5.app */,
			);
			name = Products;
			sourceTree = "<group>";
		};
		CEC5680429C1918F00E01924 /* Month5 */ = {
			isa = PBXGroup;
			children = (
				CEC5681A29C191B100E01924 /* App */,
				CEC5681B29C191C700E01924 /* Resourses */,
				CEC5681C29C191EC00E01924 /* WorkFlows */,
				CEC5683029C1940800E01924 /* Constants */,
				CEC5682F29C1940000E01924 /* DTOs */,
				CEC5682E29C193F300E01924 /* Service */,
			);
			path = Month5;
			sourceTree = "<group>";
		};
		CEC5681A29C191B100E01924 /* App */ = {
			isa = PBXGroup;
			children = (
				CEC5680529C1918F00E01924 /* AppDelegate.swift */,
				CEC5680729C1918F00E01924 /* SceneDelegate.swift */,
			);
			path = App;
			sourceTree = "<group>";
		};
		CEC5681B29C191C700E01924 /* Resourses */ = {
			isa = PBXGroup;
			children = (
				CEC5680E29C1919100E01924 /* Assets.xcassets */,
				CEC5681029C1919100E01924 /* LaunchScreen.storyboard */,
				CEC5681329C1919100E01924 /* Info.plist */,
			);
			path = Resourses;
			sourceTree = "<group>";
		};
		CEC5681C29C191EC00E01924 /* WorkFlows */ = {
			isa = PBXGroup;
			children = (
				CEC5681E29C1920400E01924 /* AutorizedWorkFlow */,
				CEC5681D29C191F600E01924 /* UnautorizedWorkFlow */,
			);
			path = WorkFlows;
			sourceTree = "<group>";
		};
		CEC5681D29C191F600E01924 /* UnautorizedWorkFlow */ = {
			isa = PBXGroup;
			children = (
			);
			path = UnautorizedWorkFlow;
			sourceTree = "<group>";
		};
		CEC5681E29C1920400E01924 /* AutorizedWorkFlow */ = {
			isa = PBXGroup;
			children = (
				CEC5681F29C1922600E01924 /* ProfileWorkFlow */,
				CEC5682029C1923700E01924 /* MenuWorkFlow */,
				CEC5682129C1924500E01924 /* ProductDetailsWorkFlow */,
			);
			path = AutorizedWorkFlow;
			sourceTree = "<group>";
		};
		CEC5681F29C1922600E01924 /* ProfileWorkFlow */ = {
			isa = PBXGroup;
			children = (
				CEC5682629C1929A00E01924 /* ProfileWorkFlow.storyboard */,
				CEC5682829C192A700E01924 /* ProfileViewController.swift */,
			);
			path = ProfileWorkFlow;
			sourceTree = "<group>";
		};
		CEC5682029C1923700E01924 /* MenuWorkFlow */ = {
			isa = PBXGroup;
			children = (
				CEC5682229C1927100E01924 /* MenuWorkFlow.storyboard */,
				CEC5682429C1928300E01924 /* MenuViewController.swift */,
				CEC545DA29C851C900C32167 /* MenuViewModel.swift */,
				CEC5683129C1B7F400E01924 /* Components */,
				CEC5683229C1B84100E01924 /* MenuCollectionViewCell.swift */,
				CEC5683329C1B84100E01924 /* MenuCollectionViewCell.xib */,
			);
			path = MenuWorkFlow;
			sourceTree = "<group>";
		};
		CEC5682129C1924500E01924 /* ProductDetailsWorkFlow */ = {
			isa = PBXGroup;
			children = (
				CEC5682A29C192B800E01924 /* ProductDetailsWorkFlow.storyboard */,
				CEC545A729C5A85300C32167 /* ProductDetailsViewController.swift */,
			);
			path = ProductDetailsWorkFlow;
			sourceTree = "<group>";
		};
		CEC5682E29C193F300E01924 /* Service */ = {
			isa = PBXGroup;
			children = (
				CEC545CE29C8360300C32167 /* AuthorizationService */,
				CEC545CD29C835E500C32167 /* NetworkService */,
			);
			path = Service;
			sourceTree = "<group>";
		};
		CEC5682F29C1940000E01924 /* DTOs */ = {
			isa = PBXGroup;
			children = (
				CEC5683729C1C25500E01924 /* MenuModel.swift */,
				CEC545D029C8413300C32167 /* Extencion+Image.swift */,
			);
			path = DTOs;
			sourceTree = "<group>";
		};
		CEC5683029C1940800E01924 /* Constants */ = {
			isa = PBXGroup;
			children = (
				CEC545CB29C8333800C32167 /* Constants.swift */,
			);
			path = Constants;
			sourceTree = "<group>";
		};
		CEC5683129C1B7F400E01924 /* Components */ = {
			isa = PBXGroup;
			children = (
			);
			path = Components;
			sourceTree = "<group>";
		};
/* End PBXGroup section */

/* Begin PBXNativeTarget section */
		CEC5680129C1918F00E01924 /* Month5 */ = {
			isa = PBXNativeTarget;
			buildConfigurationList = CEC5681629C1919100E01924 /* Build configuration list for PBXNativeTarget "Month5" */;
			buildPhases = (
				CEC567FE29C1918F00E01924 /* Sources */,
				CEC5680029C1918F00E01924 /* Resources */,
			);
			buildRules = (
			);
			dependencies = (
			);
			name = Month5;
			productName = Month5;
			productReference = CEC5680229C1918F00E01924 /* Month5.app */;
			productType = "com.apple.product-type.application";
		};
/* End PBXNativeTarget section */

/* Begin PBXProject section */
		CEC567FA29C1918F00E01924 /* Project object */ = {
			isa = PBXProject;
			attributes = {
				BuildIndependentTargetsInParallel = 1;
				LastSwiftUpdateCheck = 1420;
				LastUpgradeCheck = 1420;
				TargetAttributes = {
					CEC5680129C1918F00E01924 = {
						CreatedOnToolsVersion = 14.2;
					};
				};
			};
			buildConfigurationList = CEC567FD29C1918F00E01924 /* Build configuration list for PBXProject "Month5" */;
			compatibilityVersion = "Xcode 14.0";
			developmentRegion = en;
			hasScannedForEncodings = 0;
			knownRegions = (
				en,
				Base,
			);
			mainGroup = CEC567F929C1918F00E01924;
			productRefGroup = CEC5680329C1918F00E01924 /* Products */;
			projectDirPath = "";
			projectRoot = "";
			targets = (
				CEC5680129C1918F00E01924 /* Month5 */,
			);
		};
/* End PBXProject section */

/* Begin PBXResourcesBuildPhase section */
		CEC5680029C1918F00E01924 /* Resources */ = {
			isa = PBXResourcesBuildPhase;
			buildActionMask = 2147483647;
			files = (
				CEC5682329C1927100E01924 /* MenuWorkFlow.storyboard in Resources */,
				CEC5683529C1B84100E01924 /* MenuCollectionViewCell.xib in Resources */,
				CEC5682729C1929A00E01924 /* ProfileWorkFlow.storyboard in Resources */,
				CEC5681229C1919100E01924 /* LaunchScreen.storyboard in Resources */,
				CEC5680F29C1919100E01924 /* Assets.xcassets in Resources */,
				CEC5682B29C192B800E01924 /* ProductDetailsWorkFlow.storyboard in Resources */,
				CEC545CA29C5FFD500C32167 /* GoogleService-Info.plist in Resources */,
			);
			runOnlyForDeploymentPostprocessing = 0;
		};
/* End PBXResourcesBuildPhase section */

/* Begin PBXSourcesBuildPhase section */
		CEC567FE29C1918F00E01924 /* Sources */ = {
			isa = PBXSourcesBuildPhase;
			buildActionMask = 2147483647;
			files = (
				CEC5680629C1918F00E01924 /* AppDelegate.swift in Sources */,
				CEC5682529C1928300E01924 /* MenuViewController.swift in Sources */,
				CEC5684229C1C93200E01924 /* NetworkService.swift in Sources */,
				CEC545DB29C851C900C32167 /* MenuViewModel.swift in Sources */,
				CEC5682929C192A700E01924 /* ProfileViewController.swift in Sources */,
				CEC5683829C1C25500E01924 /* MenuModel.swift in Sources */,
				CEC545CC29C8333800C32167 /* Constants.swift in Sources */,
				CEC5684429C1C94A00E01924 /* NetworkHelpers.swift in Sources */,
				CEC545A829C5A85300C32167 /* ProductDetailsViewController.swift in Sources */,
				CEC5680829C1918F00E01924 /* SceneDelegate.swift in Sources */,
				CEC545D129C8413300C32167 /* Extencion+Image.swift in Sources */,
				CEC5683429C1B84100E01924 /* MenuCollectionViewCell.swift in Sources */,
			);
			runOnlyForDeploymentPostprocessing = 0;
		};
/* End PBXSourcesBuildPhase section */

/* Begin PBXVariantGroup section */
		CEC5681029C1919100E01924 /* LaunchScreen.storyboard */ = {
			isa = PBXVariantGroup;
			children = (
				CEC5681129C1919100E01924 /* Base */,
			);
			name = LaunchScreen.storyboard;
			sourceTree = "<group>";
		};
/* End PBXVariantGroup section */

/* Begin XCBuildConfiguration section */
		CEC5681429C1919100E01924 /* Debug */ = {
			isa = XCBuildConfiguration;
			buildSettings = {
				ALWAYS_SEARCH_USER_PATHS = NO;
				CLANG_ANALYZER_NONNULL = YES;
				CLANG_ANALYZER_NUMBER_OBJECT_CONVERSION = YES_AGGRESSIVE;
				CLANG_CXX_LANGUAGE_STANDARD = "gnu++20";
				CLANG_ENABLE_MODULES = YES;
				CLANG_ENABLE_OBJC_ARC = YES;
				CLANG_ENABLE_OBJC_WEAK = YES;
				CLANG_WARN_BLOCK_CAPTURE_AUTORELEASING = YES;
				CLANG_WARN_BOOL_CONVERSION = YES;
				CLANG_WARN_COMMA = YES;
				CLANG_WARN_CONSTANT_CONVERSION = YES;
				CLANG_WARN_DEPRECATED_OBJC_IMPLEMENTATIONS = YES;
				CLANG_WARN_DIRECT_OBJC_ISA_USAGE = YES_ERROR;
				CLANG_WARN_DOCUMENTATION_COMMENTS = YES;
				CLANG_WARN_EMPTY_BODY = YES;
				CLANG_WARN_ENUM_CONVERSION = YES;
				CLANG_WARN_INFINITE_RECURSION = YES;
				CLANG_WARN_INT_CONVERSION = YES;
				CLANG_WARN_NON_LITERAL_NULL_CONVERSION = YES;
				CLANG_WARN_OBJC_IMPLICIT_RETAIN_SELF = YES;
				CLANG_WARN_OBJC_LITERAL_CONVERSION = YES;
				CLANG_WARN_OBJC_ROOT_CLASS = YES_ERROR;
				CLANG_WARN_QUOTED_INCLUDE_IN_FRAMEWORK_HEADER = YES;
				CLANG_WARN_RANGE_LOOP_ANALYSIS = YES;
				CLANG_WARN_STRICT_PROTOTYPES = YES;
				CLANG_WARN_SUSPICIOUS_MOVE = YES;
				CLANG_WARN_UNGUARDED_AVAILABILITY = YES_AGGRESSIVE;
				CLANG_WARN_UNREACHABLE_CODE = YES;
				CLANG_WARN__DUPLICATE_METHOD_MATCH = YES;
				COPY_PHASE_STRIP = NO;
				DEBUG_INFORMATION_FORMAT = dwarf;
				ENABLE_STRICT_OBJC_MSGSEND = YES;
				ENABLE_TESTABILITY = YES;
				GCC_C_LANGUAGE_STANDARD = gnu11;
				GCC_DYNAMIC_NO_PIC = NO;
				GCC_NO_COMMON_BLOCKS = YES;
				GCC_OPTIMIZATION_LEVEL = 0;
				GCC_PREPROCESSOR_DEFINITIONS = (
					"DEBUG=1",
					"$(inherited)",
				);
				GCC_WARN_64_TO_32_BIT_CONVERSION = YES;
				GCC_WARN_ABOUT_RETURN_TYPE = YES_ERROR;
				GCC_WARN_UNDECLARED_SELECTOR = YES;
				GCC_WARN_UNINITIALIZED_AUTOS = YES_AGGRESSIVE;
				GCC_WARN_UNUSED_FUNCTION = YES;
				GCC_WARN_UNUSED_VARIABLE = YES;
				IPHONEOS_DEPLOYMENT_TARGET = 16.2;
				MTL_ENABLE_DEBUG_INFO = INCLUDE_SOURCE;
				MTL_FAST_MATH = YES;
				ONLY_ACTIVE_ARCH = YES;
				SDKROOT = iphoneos;
				SWIFT_ACTIVE_COMPILATION_CONDITIONS = DEBUG;
				SWIFT_OPTIMIZATION_LEVEL = "-Onone";
			};
			name = Debug;
		};
		CEC5681529C1919100E01924 /* Release */ = {
			isa = XCBuildConfiguration;
			buildSettings = {
				ALWAYS_SEARCH_USER_PATHS = NO;
				CLANG_ANALYZER_NONNULL = YES;
				CLANG_ANALYZER_NUMBER_OBJECT_CONVERSION = YES_AGGRESSIVE;
				CLANG_CXX_LANGUAGE_STANDARD = "gnu++20";
				CLANG_ENABLE_MODULES = YES;
				CLANG_ENABLE_OBJC_ARC = YES;
				CLANG_ENABLE_OBJC_WEAK = YES;
				CLANG_WARN_BLOCK_CAPTURE_AUTORELEASING = YES;
				CLANG_WARN_BOOL_CONVERSION = YES;
				CLANG_WARN_COMMA = YES;
				CLANG_WARN_CONSTANT_CONVERSION = YES;
				CLANG_WARN_DEPRECATED_OBJC_IMPLEMENTATIONS = YES;
				CLANG_WARN_DIRECT_OBJC_ISA_USAGE = YES_ERROR;
				CLANG_WARN_DOCUMENTATION_COMMENTS = YES;
				CLANG_WARN_EMPTY_BODY = YES;
				CLANG_WARN_ENUM_CONVERSION = YES;
				CLANG_WARN_INFINITE_RECURSION = YES;
				CLANG_WARN_INT_CONVERSION = YES;
				CLANG_WARN_NON_LITERAL_NULL_CONVERSION = YES;
				CLANG_WARN_OBJC_IMPLICIT_RETAIN_SELF = YES;
				CLANG_WARN_OBJC_LITERAL_CONVERSION = YES;
				CLANG_WARN_OBJC_ROOT_CLASS = YES_ERROR;
				CLANG_WARN_QUOTED_INCLUDE_IN_FRAMEWORK_HEADER = YES;
				CLANG_WARN_RANGE_LOOP_ANALYSIS = YES;
				CLANG_WARN_STRICT_PROTOTYPES = YES;
				CLANG_WARN_SUSPICIOUS_MOVE = YES;
				CLANG_WARN_UNGUARDED_AVAILABILITY = YES_AGGRESSIVE;
				CLANG_WARN_UNREACHABLE_CODE = YES;
				CLANG_WARN__DUPLICATE_METHOD_MATCH = YES;
				COPY_PHASE_STRIP = NO;
				DEBUG_INFORMATION_FORMAT = "dwarf-with-dsym";
				ENABLE_NS_ASSERTIONS = NO;
				ENABLE_STRICT_OBJC_MSGSEND = YES;
				GCC_C_LANGUAGE_STANDARD = gnu11;
				GCC_NO_COMMON_BLOCKS = YES;
				GCC_WARN_64_TO_32_BIT_CONVERSION = YES;
				GCC_WARN_ABOUT_RETURN_TYPE = YES_ERROR;
				GCC_WARN_UNDECLARED_SELECTOR = YES;
				GCC_WARN_UNINITIALIZED_AUTOS = YES_AGGRESSIVE;
				GCC_WARN_UNUSED_FUNCTION = YES;
				GCC_WARN_UNUSED_VARIABLE = YES;
				IPHONEOS_DEPLOYMENT_TARGET = 16.2;
				MTL_ENABLE_DEBUG_INFO = NO;
				MTL_FAST_MATH = YES;
				SDKROOT = iphoneos;
				SWIFT_COMPILATION_MODE = wholemodule;
				SWIFT_OPTIMIZATION_LEVEL = "-O";
				VALIDATE_PRODUCT = YES;
			};
			name = Release;
		};
		CEC5681729C1919100E01924 /* Debug */ = {
			isa = XCBuildConfiguration;
			buildSettings = {
				ASSETCATALOG_COMPILER_APPICON_NAME = AppIcon;
				ASSETCATALOG_COMPILER_GLOBAL_ACCENT_COLOR_NAME = AccentColor;
				CODE_SIGN_STYLE = Automatic;
				CURRENT_PROJECT_VERSION = 1;
				DEVELOPMENT_TEAM = 9U29FTW386;
				GENERATE_INFOPLIST_FILE = YES;
				INFOPLIST_FILE = Month5/Resourses/Info.plist;
				INFOPLIST_KEY_UIApplicationSupportsIndirectInputEvents = YES;
				INFOPLIST_KEY_UILaunchStoryboardName = LaunchScreen;
				INFOPLIST_KEY_UIMainStoryboardFile = ProfileWorkFlow;
				INFOPLIST_KEY_UISupportedInterfaceOrientations_iPad = "UIInterfaceOrientationPortrait UIInterfaceOrientationPortraitUpsideDown UIInterfaceOrientationLandscapeLeft UIInterfaceOrientationLandscapeRight";
				INFOPLIST_KEY_UISupportedInterfaceOrientations_iPhone = "UIInterfaceOrientationPortrait UIInterfaceOrientationLandscapeLeft UIInterfaceOrientationLandscapeRight";
				LD_RUNPATH_SEARCH_PATHS = (
					"$(inherited)",
					"@executable_path/Frameworks",
				);
				MARKETING_VERSION = 1.0;
				PRODUCT_BUNDLE_IDENTIFIER = kg.geektech.Month5;
				PRODUCT_NAME = "$(TARGET_NAME)";
				SWIFT_EMIT_LOC_STRINGS = YES;
				SWIFT_VERSION = 5.0;
				TARGETED_DEVICE_FAMILY = "1,2";
			};
			name = Debug;
		};
		CEC5681829C1919100E01924 /* Release */ = {
			isa = XCBuildConfiguration;
			buildSettings = {
				ASSETCATALOG_COMPILER_APPICON_NAME = AppIcon;
				ASSETCATALOG_COMPILER_GLOBAL_ACCENT_COLOR_NAME = AccentColor;
				CODE_SIGN_STYLE = Automatic;
				CURRENT_PROJECT_VERSION = 1;
				DEVELOPMENT_TEAM = 9U29FTW386;
				GENERATE_INFOPLIST_FILE = YES;
				INFOPLIST_FILE = Month5/Resourses/Info.plist;
				INFOPLIST_KEY_UIApplicationSupportsIndirectInputEvents = YES;
				INFOPLIST_KEY_UILaunchStoryboardName = LaunchScreen;
				INFOPLIST_KEY_UIMainStoryboardFile = ProfileWorkFlow;
				INFOPLIST_KEY_UISupportedInterfaceOrientations_iPad = "UIInterfaceOrientationPortrait UIInterfaceOrientationPortraitUpsideDown UIInterfaceOrientationLandscapeLeft UIInterfaceOrientationLandscapeRight";
				INFOPLIST_KEY_UISupportedInterfaceOrientations_iPhone = "UIInterfaceOrientationPortrait UIInterfaceOrientationLandscapeLeft UIInterfaceOrientationLandscapeRight";
				LD_RUNPATH_SEARCH_PATHS = (
					"$(inherited)",
					"@executable_path/Frameworks",
				);
				MARKETING_VERSION = 1.0;
				PRODUCT_BUNDLE_IDENTIFIER = kg.geektech.Month5;
				PRODUCT_NAME = "$(TARGET_NAME)";
				SWIFT_EMIT_LOC_STRINGS = YES;
				SWIFT_VERSION = 5.0;
				TARGETED_DEVICE_FAMILY = "1,2";
			};
			name = Release;
		};
/* End XCBuildConfiguration section */

/* Begin XCConfigurationList section */
		CEC567FD29C1918F00E01924 /* Build configuration list for PBXProject "Month5" */ = {
			isa = XCConfigurationList;
			buildConfigurations = (
				CEC5681429C1919100E01924 /* Debug */,
				CEC5681529C1919100E01924 /* Release */,
			);
			defaultConfigurationIsVisible = 0;
			defaultConfigurationName = Release;
		};
		CEC5681629C1919100E01924 /* Build configuration list for PBXNativeTarget "Month5" */ = {
			isa = XCConfigurationList;
			buildConfigurations = (
				CEC5681729C1919100E01924 /* Debug */,
				CEC5681829C1919100E01924 /* Release */,
			);
			defaultConfigurationIsVisible = 0;
			defaultConfigurationName = Release;
		};
/* End XCConfigurationList section */
	};
	rootObject = CEC567FA29C1918F00E01924 /* Project object */;
}
